
Microsoft Visual Studio Solution File, Format Version 12.00
# Visual Studio Version 17
VisualStudioVersion = 17.8.34511.84
MinimumVisualStudioVersion = 10.0.40219.1
Project("{FAE04EC0-301F-11D3-BF4B-00C04F79EFBC}") = "DemoVideo-Online", "DemoVideo-Online\DemoVideo-Online.csproj", "{03A51BEB-F971-473C-864E-63C9105B7F6A}"
EndProject
Global
	GlobalSection(SolutionConfigurationPlatforms) = preSolution
		Debug|Any CPU = Debug|Any CPU
		Release|Any CPU = Release|Any CPU
	EndGlobalSection
	GlobalSection(ProjectConfigurationPlatforms) = postSolution
		{03A51BEB-F971-473C-864E-63C9105B7F6A}.Debug|Any CPU.ActiveCfg = Debug|Any CPU
		{03A51BEB-F971-473C-864E-63C9105B7F6A}.Debug|Any CPU.Build.0 = Debug|Any CPU
		{03A51BEB-F971-473C-864E-63C9105B7F6A}.Release|Any CPU.ActiveCfg = Release|Any CPU
		{03A51BEB-F971-473C-864E-63C9105B7F6A}.Release|Any CPU.Build.0 = Release|Any CPU
	EndGlobalSection
	GlobalSection(SolutionProperties) = preSolution
		HideSolutionNode = FALSE
	EndGlobalSection
	GlobalSection(ExtensibilityGlobals) = postSolution
		SolutionGuid = {1407DDBC-5A55-4654-9651-9855C00482F4}
	EndGlobalSection
EndGlobal
